
Microsoft Visual Studio Solution File, Format Version 12.00
# Visual Studio Version 17
VisualStudioVersion = 17.6.33815.320
MinimumVisualStudioVersion = 10.0.40219.1
Project("{9A19103F-16F7-4668-BE54-9A1E7A4F7556}") = "VirtualShop", "VirtualShop.csproj", "{0D23165A-D828-4FC8-ACC1-C76E8255A3E5}"
EndProject
Global
	GlobalSection(SolutionConfigurationPlatforms) = preSolution
		Debug|Any CPU = Debug|Any CPU
		Release|Any CPU = Release|Any CPU
	EndGlobalSection
	GlobalSection(ProjectConfigurationPlatforms) = postSolution
		{0D23165A-D828-4FC8-ACC1-C76E8255A3E5}.Debug|Any CPU.ActiveCfg = Debug|Any CPU
		{0D23165A-D828-4FC8-ACC1-C76E8255A3E5}.Debug|Any CPU.Build.0 = Debug|Any CPU
		{0D23165A-D828-4FC8-ACC1-C76E8255A3E5}.Release|Any CPU.ActiveCfg = Release|Any CPU
		{0D23165A-D828-4FC8-ACC1-C76E8255A3E5}.Release|Any CPU.Build.0 = Release|Any CPU
	EndGlobalSection
	GlobalSection(SolutionProperties) = preSolution
		HideSolutionNode = FALSE
	EndGlobalSection
	GlobalSection(ExtensibilityGlobals) = postSolution
		SolutionGuid = {E71D51F5-3000-477D-AC46-B79B5F3DBC24}
	EndGlobalSection
EndGlobal
